
Microsoft Visual Studio Solution File, Format Version 12.00
# Visual Studio 15
VisualStudioVersion = 15.0.28307.539
MinimumVisualStudioVersion = 10.0.40219.1
Project("{FAE04EC0-301F-11D3-BF4B-00C04F79EFBC}") = "FishTank", "FishTank\FishTank.csproj", "{5F7E8668-EF8D-437D-8CFB-7354FDAC9BBC}"
EndProject
Global
	GlobalSection(SolutionConfigurationPlatforms) = preSolution
		Debug|Any CPU = Debug|Any CPU
		Release|Any CPU = Release|Any CPU
	EndGlobalSection
	GlobalSection(ProjectConfigurationPlatforms) = postSolution
		{5F7E8668-EF8D-437D-8CFB-7354FDAC9BBC}.Debug|Any CPU.ActiveCfg = Debug|Any CPU
		{5F7E8668-EF8D-437D-8CFB-7354FDAC9BBC}.Debug|Any CPU.Build.0 = Debug|Any CPU
		{5F7E8668-EF8D-437D-8CFB-7354FDAC9BBC}.Release|Any CPU.ActiveCfg = Release|Any CPU
		{5F7E8668-EF8D-437D-8CFB-7354FDAC9BBC}.Release|Any CPU.Build.0 = Release|Any CPU
	EndGlobalSection
	GlobalSection(SolutionProperties) = preSolution
		HideSolutionNode = FALSE
	EndGlobalSection
	GlobalSection(ExtensibilityGlobals) = postSolution
		SolutionGuid = {D5435AAE-24AD-4A53-AEDB-3BBDD0F74DC4}
	EndGlobalSection
EndGlobal
